
Microsoft Visual Studio Solution File, Format Version 12.00
# Visual Studio Version 17
VisualStudioVersion = 17.14.36121.58 d17.14
MinimumVisualStudioVersion = 10.0.40219.1
Project("{FAE04EC0-301F-11D3-BF4B-00C04F79EFBC}") = "BMI_Calculator", "BMI_Calculator.csproj", "{C69166CE-6C64-4053-85A9-9F825CF0A7B2}"
EndProject
Global
	GlobalSection(SolutionConfigurationPlatforms) = preSolution
		Debug|Any CPU = Debug|Any CPU
		Release|Any CPU = Release|Any CPU
	EndGlobalSection
	GlobalSection(ProjectConfigurationPlatforms) = postSolution
		{C69166CE-6C64-4053-85A9-9F825CF0A7B2}.Debug|Any CPU.ActiveCfg = Debug|Any CPU
		{C69166CE-6C64-4053-85A9-9F825CF0A7B2}.Debug|Any CPU.Build.0 = Debug|Any CPU
		{C69166CE-6C64-4053-85A9-9F825CF0A7B2}.Debug|Any CPU.Deploy.0 = Debug|Any CPU
		{C69166CE-6C64-4053-85A9-9F825CF0A7B2}.Release|Any CPU.ActiveCfg = Release|Any CPU
		{C69166CE-6C64-4053-85A9-9F825CF0A7B2}.Release|Any CPU.Build.0 = Release|Any CPU
		{C69166CE-6C64-4053-85A9-9F825CF0A7B2}.Release|Any CPU.Deploy.0 = Release|Any CPU
	EndGlobalSection
	GlobalSection(SolutionProperties) = preSolution
		HideSolutionNode = FALSE
	EndGlobalSection
	GlobalSection(ExtensibilityGlobals) = postSolution
		SolutionGuid = {A5210E85-EEE5-456E-A23C-8312B6C41DC7}
	EndGlobalSection
EndGlobal
